
Microsoft Visual Studio Solution File, Format Version 12.00
# Visual Studio Version 16
VisualStudioVersion = 16.0.29709.97
MinimumVisualStudioVersion = 10.0.40219.1
Project("{FAE04EC0-301F-11D3-BF4B-00C04F79EFBC}") = "pr4", "pr4\pr4.csproj", "{2307ED10-8A15-413A-85B3-AA4EADBAF23B}"
EndProject
Global
	GlobalSection(SolutionConfigurationPlatforms) = preSolution
		Debug|Any CPU = Debug|Any CPU
		Release|Any CPU = Release|Any CPU
	EndGlobalSection
	GlobalSection(ProjectConfigurationPlatforms) = postSolution
		{2307ED10-8A15-413A-85B3-AA4EADBAF23B}.Debug|Any CPU.ActiveCfg = Debug|Any CPU
		{2307ED10-8A15-413A-85B3-AA4EADBAF23B}.Debug|Any CPU.Build.0 = Debug|Any CPU
		{2307ED10-8A15-413A-85B3-AA4EADBAF23B}.Release|Any CPU.ActiveCfg = Release|Any CPU
		{2307ED10-8A15-413A-85B3-AA4EADBAF23B}.Release|Any CPU.Build.0 = Release|Any CPU
	EndGlobalSection
	GlobalSection(SolutionProperties) = preSolution
		HideSolutionNode = FALSE
	EndGlobalSection
	GlobalSection(ExtensibilityGlobals) = postSolution
		SolutionGuid = {B022BF9D-B13A-4CD8-A142-5EABD0A46A94}
	EndGlobalSection
EndGlobal
